
Microsoft Visual Studio Solution File, Format Version 12.00
# Visual Studio Version 17
VisualStudioVersion = 17.11.35327.3
MinimumVisualStudioVersion = 10.0.40219.1
Project("{8BC9CEB8-8B4A-11D0-8D11-00A0C91BC942}") = "ConsoleApplication4", "ConsoleApplication4\ConsoleApplication4.vcxproj", "{72FD736C-539B-49BF-8F82-8E5FE9E0D62F}"
EndProject
Global
	GlobalSection(SolutionConfigurationPlatforms) = preSolution
		Debug|x64 = Debug|x64
		Debug|x86 = Debug|x86
		Release|x64 = Release|x64
		Release|x86 = Release|x86
	EndGlobalSection
	GlobalSection(ProjectConfigurationPlatforms) = postSolution
		{72FD736C-539B-49BF-8F82-8E5FE9E0D62F}.Debug|x64.ActiveCfg = Debug|x64
		{72FD736C-539B-49BF-8F82-8E5FE9E0D62F}.Debug|x64.Build.0 = Debug|x64
		{72FD736C-539B-49BF-8F82-8E5FE9E0D62F}.Debug|x86.ActiveCfg = Debug|Win32
		{72FD736C-539B-49BF-8F82-8E5FE9E0D62F}.Debug|x86.Build.0 = Debug|Win32
		{72FD736C-539B-49BF-8F82-8E5FE9E0D62F}.Release|x64.ActiveCfg = Release|x64
		{72FD736C-539B-49BF-8F82-8E5FE9E0D62F}.Release|x64.Build.0 = Release|x64
		{72FD736C-539B-49BF-8F82-8E5FE9E0D62F}.Release|x86.ActiveCfg = Release|Win32
		{72FD736C-539B-49BF-8F82-8E5FE9E0D62F}.Release|x86.Build.0 = Release|Win32
	EndGlobalSection
	GlobalSection(SolutionProperties) = preSolution
		HideSolutionNode = FALSE
	EndGlobalSection
	GlobalSection(ExtensibilityGlobals) = postSolution
		SolutionGuid = {B98ED25C-64D9-4D20-A090-96076674CB44}
	EndGlobalSection
EndGlobal
